// !$*UTF8*$!
{
	archiveVersion = 1;
	classes = {
	};
	objectVersion = 46;
	objects = {

/* Begin PBXBuildFile section */
		4048C3911A3AB3A9003A9924 /* ConfigViewController.m in Sources */ = {isa = PBXBuildFile; fileRef = 4048C38F1A3AB3A9003A9924 /* ConfigViewController.m */; };
		4048C3921A3AB3A9003A9924 /* ConfigViewController.xib in Resources */ = {isa = PBXBuildFile; fileRef = 4048C3901A3AB3A9003A9924 /* ConfigViewController.xib */; };
		407B64D31A397A8600D671D2 /* TableViewCell.m in Sources */ = {isa = PBXBuildFile; fileRef = 407B64D11A397A8600D671D2 /* TableViewCell.m */; };
		407B64D41A397A8600D671D2 /* TableViewCell.xib in Resources */ = {isa = PBXBuildFile; fileRef = 407B64D21A397A8600D671D2 /* TableViewCell.xib */; };
		407C736C1A401C0D0034817D /* StaticUtils.m in Sources */ = {isa = PBXBuildFile; fileRef = 407C736B1A401C0D0034817D /* StaticUtils.m */; };
		40AAFAD31A3565E500802C1D /* main.m in Sources */ = {isa = PBXBuildFile; fileRef = 40AAFAD21A3565E500802C1D /* main.m */; };
		40AAFAD61A3565E500802C1D /* AppDelegate.m in Sources */ = {isa = PBXBuildFile; fileRef = 40AAFAD51A3565E500802C1D /* AppDelegate.m */; };
		40AAFAD91A3565E500802C1D /* ViewController.m in Sources */ = {isa = PBXBuildFile; fileRef = 40AAFAD81A3565E500802C1D /* ViewController.m */; };
		40AAFADC1A3565E500802C1D /* Main.storyboard in Resources */ = {isa = PBXBuildFile; fileRef = 40AAFADA1A3565E500802C1D /* Main.storyboard */; };
		40AAFADE1A3565E500802C1D /* Images.xcassets in Resources */ = {isa = PBXBuildFile; fileRef = 40AAFADD1A3565E500802C1D /* Images.xcassets */; };
		40AAFAE11A3565E500802C1D /* LaunchScreen.xib in Resources */ = {isa = PBXBuildFile; fileRef = 40AAFADF1A3565E500802C1D /* LaunchScreen.xib */; };
		40AAFAED1A3565E500802C1D /* StockManagerTests.m in Sources */ = {isa = PBXBuildFile; fileRef = 40AAFAEC1A3565E500802C1D /* StockManagerTests.m */; };
		40B601251A481EB300D7FEDB /* LogicTests.m in Sources */ = {isa = PBXBuildFile; fileRef = 40B601241A481EB300D7FEDB /* LogicTests.m */; };
		91901E1A9569FA1DEB027CB8 /* libPods.a in Frameworks */ = {isa = PBXBuildFile; fileRef = B6EF15A9263D99C51922FF35 /* libPods.a */; };
/* End PBXBuildFile section */

/* Begin PBXContainerItemProxy section */
		40AAFAE71A3565E500802C1D /* PBXContainerItemProxy */ = {
			isa = PBXContainerItemProxy;
			containerPortal = 40AAFAC51A3565E500802C1D /* Project object */;
			proxyType = 1;
			remoteGlobalIDString = 40AAFACC1A3565E500802C1D;
			remoteInfo = StockManager;
		};
/* End PBXContainerItemProxy section */

/* Begin PBXFileReference section */
		06B4CFB5CDEA876787F2A036 /* Pods.debug.xcconfig */ = {isa = PBXFileReference; includeInIndex = 1; lastKnownFileType = text.xcconfig; name = Pods.debug.xcconfig; path = "Pods/Target Support Files/Pods/Pods.debug.xcconfig"; sourceTree = "<group>"; };
		4048C38E1A3AB3A9003A9924 /* ConfigViewController.h */ = {isa = PBXFileReference; fileEncoding = 4; lastKnownFileType = sourcecode.c.h; path = ConfigViewController.h; sourceTree = "<group>"; };
		4048C38F1A3AB3A9003A9924 /* ConfigViewController.m */ = {isa = PBXFileReference; fileEncoding = 4; lastKnownFileType = sourcecode.c.objc; path = ConfigViewController.m; sourceTree = "<group>"; };
		4048C3901A3AB3A9003A9924 /* ConfigViewController.xib */ = {isa = PBXFileReference; fileEncoding = 4; lastKnownFileType = file.xib; path = ConfigViewController.xib; sourceTree = "<group>"; };
		407B64D01A397A8600D671D2 /* TableViewCell.h */ = {isa = PBXFileReference; fileEncoding = 4; lastKnownFileType = sourcecode.c.h; path = TableViewCell.h; sourceTree = "<group>"; };
		407B64D11A397A8600D671D2 /* TableViewCell.m */ = {isa = PBXFileReference; fileEncoding = 4; lastKnownFileType = sourcecode.c.objc; path = TableViewCell.m; sourceTree = "<group>"; };
		407B64D21A397A8600D671D2 /* TableViewCell.xib */ = {isa = PBXFileReference; fileEncoding = 4; lastKnownFileType = file.xib; path = TableViewCell.xib; sourceTree = "<group>"; };
		407C736A1A401C0D0034817D /* StaticUtils.h */ = {isa = PBXFileReference; fileEncoding = 4; lastKnownFileType = sourcecode.c.h; path = StaticUtils.h; sourceTree = "<group>"; };
		407C736B1A401C0D0034817D /* StaticUtils.m */ = {isa = PBXFileReference; fileEncoding = 4; lastKnownFileType = sourcecode.c.objc; path = StaticUtils.m; sourceTree = "<group>"; };
		40AAFACD1A3565E500802C1D /* StockManager.app */ = {isa = PBXFileReference; explicitFileType = wrapper.application; includeInIndex = 0; path = StockManager.app; sourceTree = BUILT_PRODUCTS_DIR; };
		40AAFAD11A3565E500802C1D /* Info.plist */ = {isa = PBXFileReference; lastKnownFileType = text.plist.xml; path = Info.plist; sourceTree = "<group>"; };
		40AAFAD21A3565E500802C1D /* main.m */ = {isa = PBXFileReference; lastKnownFileType = sourcecode.c.objc; path = main.m; sourceTree = "<group>"; };
		40AAFAD41A3565E500802C1D /* AppDelegate.h */ = {isa = PBXFileReference; lastKnownFileType = sourcecode.c.h; path = AppDelegate.h; sourceTree = "<group>"; };
		40AAFAD51A3565E500802C1D /* AppDelegate.m */ = {isa = PBXFileReference; lastKnownFileType = sourcecode.c.objc; path = AppDelegate.m; sourceTree = "<group>"; };
		40AAFAD71A3565E500802C1D /* ViewController.h */ = {isa = PBXFileReference; lastKnownFileType = sourcecode.c.h; path = ViewController.h; sourceTree = "<group>"; };
		40AAFAD81A3565E500802C1D /* ViewController.m */ = {isa = PBXFileReference; lastKnownFileType = sourcecode.c.objc; path = ViewController.m; sourceTree = "<group>"; };
		40AAFADB1A3565E500802C1D /* Base */ = {isa = PBXFileReference; lastKnownFileType = file.storyboard; name = Base; path = Base.lproj/Main.storyboard; sourceTree = "<group>"; };
		40AAFADD1A3565E500802C1D /* Images.xcassets */ = {isa = PBXFileReference; lastKnownFileType = folder.assetcatalog; path = Images.xcassets; sourceTree = "<group>"; };
		40AAFAE01A3565E500802C1D /* Base */ = {isa = PBXFileReference; lastKnownFileType = file.xib; name = Base; path = Base.lproj/LaunchScreen.xib; sourceTree = "<group>"; };
		40AAFAE61A3565E500802C1D /* StockManagerTests.xctest */ = {isa = PBXFileReference; explicitFileType = wrapper.cfbundle; includeInIndex = 0; path = StockManagerTests.xctest; sourceTree = BUILT_PRODUCTS_DIR; };
		40AAFAEB1A3565E500802C1D /* Info.plist */ = {isa = PBXFileReference; lastKnownFileType = text.plist.xml; path = Info.plist; sourceTree = "<group>"; };
		40AAFAEC1A3565E500802C1D /* StockManagerTests.m */ = {isa = PBXFileReference; lastKnownFileType = sourcecode.c.objc; path = StockManagerTests.m; sourceTree = "<group>"; };
		40B601241A481EB300D7FEDB /* LogicTests.m */ = {isa = PBXFileReference; fileEncoding = 4; lastKnownFileType = sourcecode.c.objc; path = LogicTests.m; sourceTree = "<group>"; };
		540324EF03DB56F99E537E04 /* Pods.release.xcconfig */ = {isa = PBXFileReference; includeInIndex = 1; lastKnownFileType = text.xcconfig; name = Pods.release.xcconfig; path = "Pods/Target Support Files/Pods/Pods.release.xcconfig"; sourceTree = "<group>"; };
		B6EF15A9263D99C51922FF35 /* libPods.a */ = {isa = PBXFileReference; explicitFileType = archive.ar; includeInIndex = 0; path = libPods.a; sourceTree = BUILT_PRODUCTS_DIR; };
/* End PBXFileReference section */

/* Begin PBXFrameworksBuildPhase section */
		40AAFACA1A3565E500802C1D /* Frameworks */ = {
			isa = PBXFrameworksBuildPhase;
			buildActionMask = 2147483647;
			files = (
				91901E1A9569FA1DEB027CB8 /* libPods.a in Frameworks */,
			);
			runOnlyForDeploymentPostprocessing = 0;
		};
		40AAFAE31A3565E500802C1D /* Frameworks */ = {
			isa = PBXFrameworksBuildPhase;
			buildActionMask = 2147483647;
			files = (
			);
			runOnlyForDeploymentPostprocessing = 0;
		};
/* End PBXFrameworksBuildPhase section */

/* Begin PBXGroup section */
		4048C3931A3AB3B9003A9924 /* view */ = {
			isa = PBXGroup;
			children = (
				4048C38E1A3AB3A9003A9924 /* ConfigViewController.h */,
				4048C38F1A3AB3A9003A9924 /* ConfigViewController.m */,
				4048C3901A3AB3A9003A9924 /* ConfigViewController.xib */,
				407B64D01A397A8600D671D2 /* TableViewCell.h */,
				407B64D11A397A8600D671D2 /* TableViewCell.m */,
				407B64D21A397A8600D671D2 /* TableViewCell.xib */,
			);
			name = view;
			sourceTree = "<group>";
		};
		407C736D1A401C1C0034817D /* utils */ = {
			isa = PBXGroup;
			children = (
				407C736A1A401C0D0034817D /* StaticUtils.h */,
				407C736B1A401C0D0034817D /* StaticUtils.m */,
			);
			name = utils;
			sourceTree = "<group>";
		};
		40AAFAC41A3565E500802C1D = {
			isa = PBXGroup;
			children = (
				40AAFACF1A3565E500802C1D /* StockManager */,
				40AAFAE91A3565E500802C1D /* StockManagerTests */,
				40AAFACE1A3565E500802C1D /* Products */,
				FB3822200AED104E7D4F479D /* Pods */,
				BA71AA964DC498B84439A29A /* Frameworks */,
			);
			sourceTree = "<group>";
		};
		40AAFACE1A3565E500802C1D /* Products */ = {
			isa = PBXGroup;
			children = (
				40AAFACD1A3565E500802C1D /* StockManager.app */,
				40AAFAE61A3565E500802C1D /* StockManagerTests.xctest */,
			);
			name = Products;
			sourceTree = "<group>";
		};
		40AAFACF1A3565E500802C1D /* StockManager */ = {
			isa = PBXGroup;
			children = (
				407C736D1A401C1C0034817D /* utils */,
				4048C3931A3AB3B9003A9924 /* view */,
				40AAFAD41A3565E500802C1D /* AppDelegate.h */,
				40AAFAD51A3565E500802C1D /* AppDelegate.m */,
				40AAFAD71A3565E500802C1D /* ViewController.h */,
				40AAFAD81A3565E500802C1D /* ViewController.m */,
				40AAFADA1A3565E500802C1D /* Main.storyboard */,
				40AAFADD1A3565E500802C1D /* Images.xcassets */,
				40AAFADF1A3565E500802C1D /* LaunchScreen.xib */,
				40AAFAD01A3565E500802C1D /* Supporting Files */,
			);
			path = StockManager;
			sourceTree = "<group>";
		};
		40AAFAD01A3565E500802C1D /* Supporting Files */ = {
			isa = PBXGroup;
			children = (
				40AAFAD11A3565E500802C1D /* Info.plist */,
				40AAFAD21A3565E500802C1D /* main.m */,
			);
			name = "Supporting Files";
			sourceTree = "<group>";
		};
		40AAFAE91A3565E500802C1D /* StockManagerTests */ = {
			isa = PBXGroup;
			children = (
				40B601241A481EB300D7FEDB /* LogicTests.m */,
				40AAFAEC1A3565E500802C1D /* StockManagerTests.m */,
				40AAFAEA1A3565E500802C1D /* Supporting Files */,
			);
			path = StockManagerTests;
			sourceTree = "<group>";
		};
		40AAFAEA1A3565E500802C1D /* Supporting Files */ = {
			isa = PBXGroup;
			children = (
				40AAFAEB1A3565E500802C1D /* Info.plist */,
			);
			name = "Supporting Files";
			sourceTree = "<group>";
		};
		BA71AA964DC498B84439A29A /* Frameworks */ = {
			isa = PBXGroup;
			children = (
				B6EF15A9263D99C51922FF35 /* libPods.a */,
			);
			name = Frameworks;
			sourceTree = "<group>";
		};
		FB3822200AED104E7D4F479D /* Pods */ = {
			isa = PBXGroup;
			children = (
				06B4CFB5CDEA876787F2A036 /* Pods.debug.xcconfig */,
				540324EF03DB56F99E537E04 /* Pods.release.xcconfig */,
			);
			name = Pods;
			sourceTree = "<group>";
		};
/* End PBXGroup section */

/* Begin PBXNativeTarget section */
		40AAFACC1A3565E500802C1D /* StockManager */ = {
			isa = PBXNativeTarget;
			buildConfigurationList = 40AAFAF01A3565E500802C1D /* Build configuration list for PBXNativeTarget "StockManager" */;
			buildPhases = (
				F04647AE880C9D633124D009 /* Check Pods Manifest.lock */,
				40AAFAC91A3565E500802C1D /* Sources */,
				40AAFACA1A3565E500802C1D /* Frameworks */,
				40AAFACB1A3565E500802C1D /* Resources */,
				DF616A8AA710E5AA1DDCDD2E /* Copy Pods Resources */,
			);
			buildRules = (
			);
			dependencies = (
			);
			name = StockManager;
			productName = StockManager;
			productReference = 40AAFACD1A3565E500802C1D /* StockManager.app */;
			productType = "com.apple.product-type.application";
		};
		40AAFAE51A3565E500802C1D /* StockManagerTests */ = {
			isa = PBXNativeTarget;
			buildConfigurationList = 40AAFAF31A3565E500802C1D /* Build configuration list for PBXNativeTarget "StockManagerTests" */;
			buildPhases = (
				40AAFAE21A3565E500802C1D /* Sources */,
				40AAFAE31A3565E500802C1D /* Frameworks */,
				40AAFAE41A3565E500802C1D /* Resources */,
			);
			buildRules = (
			);
			dependencies = (
				40AAFAE81A3565E500802C1D /* PBXTargetDependency */,
			);
			name = StockManagerTests;
			productName = StockManagerTests;
			productReference = 40AAFAE61A3565E500802C1D /* StockManagerTests.xctest */;
			productType = "com.apple.product-type.bundle.unit-test";
		};
/* End PBXNativeTarget section */

/* Begin PBXProject section */
		40AAFAC51A3565E500802C1D /* Project object */ = {
			isa = PBXProject;
			attributes = {
				LastUpgradeCheck = 0610;
				ORGANIZATIONNAME = bob;
				TargetAttributes = {
					40AAFACC1A3565E500802C1D = {
						CreatedOnToolsVersion = 6.1.1;
						DevelopmentTeam = 5QUH9T79BG;
						SystemCapabilities = {
							com.apple.BackgroundModes = {
								enabled = 1;
							};
						};
					};
					40AAFAE51A3565E500802C1D = {
						CreatedOnToolsVersion = 6.1.1;
						TestTargetID = 40AAFACC1A3565E500802C1D;
					};
				};
			};
			buildConfigurationList = 40AAFAC81A3565E500802C1D /* Build configuration list for PBXProject "StockManager" */;
			compatibilityVersion = "Xcode 3.2";
			developmentRegion = English;
			hasScannedForEncodings = 0;
			knownRegions = (
				en,
				Base,
			);
			mainGroup = 40AAFAC41A3565E500802C1D;
			productRefGroup = 40AAFACE1A3565E500802C1D /* Products */;
			projectDirPath = "";
			projectRoot = "";
			targets = (
				40AAFACC1A3565E500802C1D /* StockManager */,
				40AAFAE51A3565E500802C1D /* StockManagerTests */,
			);
		};
/* End PBXProject section */

/* Begin PBXResourcesBuildPhase section */
		40AAFACB1A3565E500802C1D /* Resources */ = {
			isa = PBXResourcesBuildPhase;
			buildActionMask = 2147483647;
			files = (
				40AAFADC1A3565E500802C1D /* Main.storyboard in Resources */,
				407B64D41A397A8600D671D2 /* TableViewCell.xib in Resources */,
				40AAFAE11A3565E500802C1D /* LaunchScreen.xib in Resources */,
				40AAFADE1A3565E500802C1D /* Images.xcassets in Resources */,
				4048C3921A3AB3A9003A9924 /* ConfigViewController.xib in Resources */,
			);
			runOnlyForDeploymentPostprocessing = 0;
		};
		40AAFAE41A3565E500802C1D /* Resources */ = {
			isa = PBXResourcesBuildPhase;
			buildActionMask = 2147483647;
			files = (
			);
			runOnlyForDeploymentPostprocessing = 0;
		};
/* End PBXResourcesBuildPhase section */

/* Begin PBXShellScriptBuildPhase section */
		DF616A8AA710E5AA1DDCDD2E /* Copy Pods Resources */ = {
			isa = PBXShellScriptBuildPhase;
			buildActionMask = 2147483647;
			files = (
			);
			inputPaths = (
			);
			name = "Copy Pods Resources";
			outputPaths = (
			);
			runOnlyForDeploymentPostprocessing = 0;
			shellPath = /bin/sh;
			shellScript = "\"${SRCROOT}/Pods/Target Support Files/Pods/Pods-resources.sh\"\n";
			showEnvVarsInLog = 0;
		};
		F04647AE880C9D633124D009 /* Check Pods Manifest.lock */ = {
			isa = PBXShellScriptBuildPhase;
			buildActionMask = 2147483647;
			files = (
			);
			inputPaths = (
			);
			name = "Check Pods Manifest.lock";
			outputPaths = (
			);
			runOnlyForDeploymentPostprocessing = 0;
			shellPath = /bin/sh;
			shellScript = "diff \"${PODS_ROOT}/../Podfile.lock\" \"${PODS_ROOT}/Manifest.lock\" > /dev/null\nif [[ $? != 0 ]] ; then\n    cat << EOM\nerror: The sandbox is not in sync with the Podfile.lock. Run 'pod install' or update your CocoaPods installation.\nEOM\n    exit 1\nfi\n";
			showEnvVarsInLog = 0;
		};
/* End PBXShellScriptBuildPhase section */

/* Begin PBXSourcesBuildPhase section */
		40AAFAC91A3565E500802C1D /* Sources */ = {
			isa = PBXSourcesBuildPhase;
			buildActionMask = 2147483647;
			files = (
				40AAFAD91A3565E500802C1D /* ViewController.m in Sources */,
				407C736C1A401C0D0034817D /* StaticUtils.m in Sources */,
				407B64D31A397A8600D671D2 /* TableViewCell.m in Sources */,
				4048C3911A3AB3A9003A9924 /* ConfigViewController.m in Sources */,
				40AAFAD61A3565E500802C1D /* AppDelegate.m in Sources */,
				40AAFAD31A3565E500802C1D /* main.m in Sources */,
			);
			runOnlyForDeploymentPostprocessing = 0;
		};
		40AAFAE21A3565E500802C1D /* Sources */ = {
			isa = PBXSourcesBuildPhase;
			buildActionMask = 2147483647;
			files = (
				40B601251A481EB300D7FEDB /* LogicTests.m in Sources */,
				40AAFAED1A3565E500802C1D /* StockManagerTests.m in Sources */,
			);
			runOnlyForDeploymentPostprocessing = 0;
		};
/* End PBXSourcesBuildPhase section */

/* Begin PBXTargetDependency section */
		40AAFAE81A3565E500802C1D /* PBXTargetDependency */ = {
			isa = PBXTargetDependency;
			target = 40AAFACC1A3565E500802C1D /* StockManager */;
			targetProxy = 40AAFAE71A3565E500802C1D /* PBXContainerItemProxy */;
		};
/* End PBXTargetDependency section */

/* Begin PBXVariantGroup section */
		40AAFADA1A3565E500802C1D /* Main.storyboard */ = {
			isa = PBXVariantGroup;
			children = (
				40AAFADB1A3565E500802C1D /* Base */,
			);
			name = Main.storyboard;
			sourceTree = "<group>";
		};
		40AAFADF1A3565E500802C1D /* LaunchScreen.xib */ = {
			isa = PBXVariantGroup;
			children = (
				40AAFAE01A3565E500802C1D /* Base */,
			);
			name = LaunchScreen.xib;
			sourceTree = "<group>";
		};
/* End PBXVariantGroup section */

/* Begin XCBuildConfiguration section */
		40AAFAEE1A3565E500802C1D /* Debug */ = {
			isa = XCBuildConfiguration;
			buildSettings = {
				ALWAYS_SEARCH_USER_PATHS = NO;
				CLANG_CXX_LANGUAGE_STANDARD = "gnu++0x";
				CLANG_CXX_LIBRARY = "libc++";
				CLANG_ENABLE_MODULES = YES;
				CLANG_ENABLE_OBJC_ARC = YES;
				CLANG_WARN_BOOL_CONVERSION = YES;
				CLANG_WARN_CONSTANT_CONVERSION = YES;
				CLANG_WARN_DIRECT_OBJC_ISA_USAGE = YES_ERROR;
				CLANG_WARN_EMPTY_BODY = YES;
				CLANG_WARN_ENUM_CONVERSION = YES;
				CLANG_WARN_INT_CONVERSION = YES;
				CLANG_WARN_OBJC_ROOT_CLASS = YES_ERROR;
				CLANG_WARN_UNREACHABLE_CODE = YES;
				CLANG_WARN__DUPLICATE_METHOD_MATCH = YES;
				"CODE_SIGN_IDENTITY[sdk=iphoneos*]" = "iPhone Developer";
				COPY_PHASE_STRIP = NO;
				ENABLE_STRICT_OBJC_MSGSEND = YES;
				GCC_C_LANGUAGE_STANDARD = gnu99;
				GCC_DYNAMIC_NO_PIC = NO;
				GCC_OPTIMIZATION_LEVEL = 0;
				GCC_PREPROCESSOR_DEFINITIONS = (
					"DEBUG=1",
					"$(inherited)",
				);
				GCC_SYMBOLS_PRIVATE_EXTERN = NO;
				GCC_WARN_64_TO_32_BIT_CONVERSION = YES;
				GCC_WARN_ABOUT_RETURN_TYPE = YES_ERROR;
				GCC_WARN_UNDECLARED_SELECTOR = YES;
				GCC_WARN_UNINITIALIZED_AUTOS = YES_AGGRESSIVE;
				GCC_WARN_UNUSED_FUNCTION = YES;
				GCC_WARN_UNUSED_VARIABLE = YES;
				IPHONEOS_DEPLOYMENT_TARGET = 10.2;
				MTL_ENABLE_DEBUG_INFO = YES;
				ONLY_ACTIVE_ARCH = YES;
				SDKROOT = iphoneos;
			};
			name = Debug;
		};
		40AAFAEF1A3565E500802C1D /* Release */ = {
			isa = XCBuildConfiguration;
			buildSettings = {
				ALWAYS_SEARCH_USER_PATHS = NO;
				CLANG_CXX_LANGUAGE_STANDARD = "gnu++0x";
				CLANG_CXX_LIBRARY = "libc++";
				CLANG_ENABLE_MODULES = YES;
				CLANG_ENABLE_OBJC_ARC = YES;
				CLANG_WARN_BOOL_CONVERSION = YES;
				CLANG_WARN_CONSTANT_CONVERSION = YES;
				CLANG_WARN_DIRECT_OBJC_ISA_USAGE = YES_ERROR;
				CLANG_WARN_EMPTY_BODY = YES;
				CLANG_WARN_ENUM_CONVERSION = YES;
				CLANG_WARN_INT_CONVERSION = YES;
				CLANG_WARN_OBJC_ROOT_CLASS = YES_ERROR;
				CLANG_WARN_UNREACHABLE_CODE = YES;
				CLANG_WARN__DUPLICATE_METHOD_MATCH = YES;
				"CODE_SIGN_IDENTITY[sdk=iphoneos*]" = "iPhone Developer";
				COPY_PHASE_STRIP = YES;
				ENABLE_NS_ASSERTIONS = NO;
				ENABLE_STRICT_OBJC_MSGSEND = YES;
				GCC_C_LANGUAGE_STANDARD = gnu99;
				GCC_WARN_64_TO_32_BIT_CONVERSION = YES;
				GCC_WARN_ABOUT_RETURN_TYPE = YES_ERROR;
				GCC_WARN_UNDECLARED_SELECTOR = YES;
				GCC_WARN_UNINITIALIZED_AUTOS = YES_AGGRESSIVE;
				GCC_WARN_UNUSED_FUNCTION = YES;
				GCC_WARN_UNUSED_VARIABLE = YES;
				IPHONEOS_DEPLOYMENT_TARGET = 10.2;
				MTL_ENABLE_DEBUG_INFO = NO;
				SDKROOT = iphoneos;
				VALIDATE_PRODUCT = YES;
			};
			name = Release;
		};
		40AAFAF11A3565E500802C1D /* Debug */ = {
			isa = XCBuildConfiguration;
			baseConfigurationReference = 06B4CFB5CDEA876787F2A036 /* Pods.debug.xcconfig */;
			buildSettings = {
				ASSETCATALOG_COMPILER_APPICON_NAME = AppIcon;
				CODE_SIGN_IDENTITY = "iPhone Developer";
				"CODE_SIGN_IDENTITY[sdk=iphoneos*]" = "iPhone Developer";
				DEVELOPMENT_TEAM = 5QUH9T79BG;
				INFOPLIST_FILE = StockManager/Info.plist;
				IPHONEOS_DEPLOYMENT_TARGET = 10.2;
				LD_RUNPATH_SEARCH_PATHS = "$(inherited) @executable_path/Frameworks";
				PRODUCT_NAME = "$(TARGET_NAME)";
				PROVISIONING_PROFILE = "";
			};
			name = Debug;
		};
		40AAFAF21A3565E500802C1D /* Release */ = {
			isa = XCBuildConfiguration;
			baseConfigurationReference = 540324EF03DB56F99E537E04 /* Pods.release.xcconfig */;
			buildSettings = {
				ASSETCATALOG_COMPILER_APPICON_NAME = AppIcon;
				CODE_SIGN_IDENTITY = "iPhone Developer";
				"CODE_SIGN_IDENTITY[sdk=iphoneos*]" = "iPhone Developer";
				DEVELOPMENT_TEAM = 5QUH9T79BG;
				INFOPLIST_FILE = StockManager/Info.plist;
				IPHONEOS_DEPLOYMENT_TARGET = 10.2;
				LD_RUNPATH_SEARCH_PATHS = "$(inherited) @executable_path/Frameworks";
				PRODUCT_NAME = "$(TARGET_NAME)";
				PROVISIONING_PROFILE = "";
			};
			name = Release;
		};
		40AAFAF41A3565E500802C1D /* Debug */ = {
			isa = XCBuildConfiguration;
			buildSettings = {
				BUNDLE_LOADER = "$(TEST_HOST)";
				FRAMEWORK_SEARCH_PATHS = (
					"$(SDKROOT)/Developer/Library/Frameworks",
					"$(inherited)",
				);
				GCC_PREPROCESSOR_DEFINITIONS = (
					"DEBUG=1",
					"$(inherited)",
				);
				INFOPLIST_FILE = StockManagerTests/Info.plist;
				LD_RUNPATH_SEARCH_PATHS = "$(inherited) @executable_path/Frameworks @loader_path/Frameworks";
				PRODUCT_NAME = "$(TARGET_NAME)";
				TEST_HOST = "$(BUILT_PRODUCTS_DIR)/StockManager.app/StockManager";
			};
			name = Debug;
		};
		40AAFAF51A3565E500802C1D /* Release */ = {
			isa = XCBuildConfiguration;
			buildSettings = {
				BUNDLE_LOADER = "$(TEST_HOST)";
				FRAMEWORK_SEARCH_PATHS = (
					"$(SDKROOT)/Developer/Library/Frameworks",
					"$(inherited)",
				);
				INFOPLIST_FILE = StockManagerTests/Info.plist;
				LD_RUNPATH_SEARCH_PATHS = "$(inherited) @executable_path/Frameworks @loader_path/Frameworks";
				PRODUCT_NAME = "$(TARGET_NAME)";
				TEST_HOST = "$(BUILT_PRODUCTS_DIR)/StockManager.app/StockManager";
			};
			name = Release;
		};
/* End XCBuildConfiguration section */

/* Begin XCConfigurationList section */
		40AAFAC81A3565E500802C1D /* Build configuration list for PBXProject "StockManager" */ = {
			isa = XCConfigurationList;
			buildConfigurations = (
				40AAFAEE1A3565E500802C1D /* Debug */,
				40AAFAEF1A3565E500802C1D /* Release */,
			);
			defaultConfigurationIsVisible = 0;
			defaultConfigurationName = Release;
		};
		40AAFAF01A3565E500802C1D /* Build configuration list for PBXNativeTarget "StockManager" */ = {
			isa = XCConfigurationList;
			buildConfigurations = (
				40AAFAF11A3565E500802C1D /* Debug */,
				40AAFAF21A3565E500802C1D /* Release */,
			);
			defaultConfigurationIsVisible = 0;
			defaultConfigurationName = Release;
		};
		40AAFAF31A3565E500802C1D /* Build configuration list for PBXNativeTarget "StockManagerTests" */ = {
			isa = XCConfigurationList;
			buildConfigurations = (
				40AAFAF41A3565E500802C1D /* Debug */,
				40AAFAF51A3565E500802C1D /* Release */,
			);
			defaultConfigurationIsVisible = 0;
			defaultConfigurationName = Release;
		};
/* End XCConfigurationList section */
	};
	rootObject = 40AAFAC51A3565E500802C1D /* Project object */;
}
